github.com/reusee/e4 v0.0.0-20220624024633-9eab321f05d6 h1:HG863jGFtcMuLte70apB3jC7lvgiTSWUnoHuDa9S0+A=
github.com/reusee/e4 v0.0.0-20220624024633-9eab321f05d6/go.mod h1:kZmlM15C4htN/zwSQz5HJPQo8BCZY5NnmkyZBDqjwc4=
github.com/reusee/pr v0.0.0-20220624024755-23e64bd7728c h1:1yv1SCRQTrs0l6Sr2gHry5uOCAE3zEXmgmjXieH8RF4=
github.com/reusee/pr v0.0.0-20220624024755-23e64bd7728c/go.mod h1:P5LL5BRHQGKJjYiV77MzYpmB+7V8BUAbEzaUmKELuMk=
