github.com/reusee/e5 v0.0.0-20220929123139-58c62ec313eb h1:jHb65/malJFnK97o38qCAvPzJGiDzw/mc7cDYV0/U0g=
github.com/reusee/e5 v0.0.0-20220929123139-58c62ec313eb/go.mod h1:kfVSDXYZocDqR1uRQfewKHmcLa/QtjGl/Ik0/vqhZ4s=
github.com/reusee/pr v0.0.0-20220902154654-adb0578fc28b h1:JYUk+EfIMryWfSij3QoBTJd2BGSEDNUQPP4nAgsoT4E=
github.com/reusee/pr v0.0.0-20220902154654-adb0578fc28b/go.mod h1:ByEquMmqXZQzG7VHsfuwgutPe/utoaaDJS9VJJ46uik=
